PODS:
  - ActionSheetPicker (1.6.2)
  - Alamofire (5.8.1)
  - CountryPicker (1.3)
  - DropDown (2.3.13)
  - iOSDropDown (0.4.0)
  - IQKeyboardManagerSwift (7.0.1)
  - Reachability (3.7.5)
  - ReachabilitySwift (5.2.1)
  - SDWebImage (5.18.10):
    - SDWebImage/Core (= 5.18.10)
  - SDWebImage/Core (5.18.10)
  - SVProgressHUD (2.3.1):
    - SVProgressHUD/Core (= 2.3.1)
  - SVProgressHUD/Core (2.3.1)
  - TOCropViewController (2.6.1)

DEPENDENCIES:
  - ActionSheetPicker
  - Alamofire
  - CountryPicker
  - DropDown
  - iOSDropDown
  - IQKeyboardManagerSwift
  - Reachability
  - ReachabilitySwift
  - SDWebImage
  - SVProgressHUD
  - TOCropViewController

SPEC REPOS:
  trunk:
    - ActionSheetPicker
    - Alamofire
    - CountryPicker
    - DropDown
    - iOSDropDown
    - IQKeyboardManagerSwift
    - Reachability
    - ReachabilitySwift
    - SDWebImage
    - SVProgressHUD
    - TOCropViewController

SPEC CHECKSUMS:
  ActionSheetPicker: cc5255a36aabaf34245b97a478059d26bac8cd84
  Alamofire: 3ca42e259043ee0dc5c0cdd76c4bc568b8e42af7
  CountryPicker: 664c26411d833bb068c80beb15dc951eadde2911
  DropDown: 8a2116376c1981888557f72ec2ffc9a5e0e456ec
  iOSDropDown: ce9daa584eaa5567cafc1b633e3cc7eb6d9cea42
  IQKeyboardManagerSwift: 7f6b1b1d1497855d2beea7f2f10ffcc6978525b1
  Reachability: 44d15955cdaee6cef699877e1f6647dd6f6698cc
  ReachabilitySwift: 5ae15e16814b5f9ef568963fb2c87aeb49158c66
  SDWebImage: fc8f2d48bbfd72ef39d70e981bd24a3f3be53fec
  SVProgressHUD: 4837c74bdfe2e51e8821c397825996a8d7de6e22
  TOCropViewController: edfd4f25713d56905ad1e0b9f5be3fbe0f59c863

PODFILE CHECKSUM: d430d0f829bc07d066124eb9c3fa8e65ff1c8f88

COCOAPODS: 1.14.3
